# @generated by Move, please check-in and do not edit manually.

[move]
version = 2
manifest_digest = "EABFB00268530F03CE450D75AA8FCFD8531A73500CC47866278DD6E9BE7D96AE"
deps_digest = "F8BBB0CCB2491CA29A3DF03D6F92277A4F3574266507ACD77214D37ECA3F3082"
dependencies = [
  { name = "Sui" },
]

[[move.package]]
name = "MoveStdlib"
source = { git = "https://github.com/MystenLabs/sui.git", rev = "framework/mainnet", subdir = "crates/sui-framework/packages/move-stdlib" }

[[move.package]]
name = "Sui"
source = { git = "https://github.com/MystenLabs/sui.git", rev = "framework/mainnet", subdir = "crates/sui-framework/packages/sui-framework" }

dependencies = [
  { name = "MoveStdlib" },
]

[move.toolchain-version]
compiler-version = "1.28.4"
edition = "2024.beta"
flavor = "sui"

[env]

[env.localnet]
chain-id = "255c1e9a"
original-published-id = "0x34d656894723daac48f3f825ae3b35c428e7b4cb5c65b08bb33349475a1e23ac"
latest-published-id = "0x34d656894723daac48f3f825ae3b35c428e7b4cb5c65b08bb33349475a1e23ac"
published-version = "1"
